
Microsoft Visual Studio Solution File, Format Version 12.00
# Visual Studio Version 16
VisualStudioVersion = 25.0.1703.4
MinimumVisualStudioVersion = 10.0.40219.1
Project("{FAE04EC0-301F-11D3-BF4B-00C04F79EFBC}") = "MediaPickerIssue", "MediaPickerIssue\MediaPickerIssue.csproj", "{71F37F80-8B59-4C06-A528-5A9731C78502}"
EndProject
Global
	GlobalSection(SolutionConfigurationPlatforms) = preSolution
		Debug|Any CPU = Debug|Any CPU
		Release|Any CPU = Release|Any CPU
	EndGlobalSection
	GlobalSection(ProjectConfigurationPlatforms) = postSolution
		{71F37F80-8B59-4C06-A528-5A9731C78502}.Debug|Any CPU.ActiveCfg = Debug|Any CPU
		{71F37F80-8B59-4C06-A528-5A9731C78502}.Debug|Any CPU.Build.0 = Debug|Any CPU
		{71F37F80-8B59-4C06-A528-5A9731C78502}.Release|Any CPU.ActiveCfg = Release|Any CPU
		{71F37F80-8B59-4C06-A528-5A9731C78502}.Release|Any CPU.Build.0 = Release|Any CPU
	EndGlobalSection
	GlobalSection(SolutionProperties) = preSolution
		HideSolutionNode = FALSE
	EndGlobalSection
	GlobalSection(ExtensibilityGlobals) = postSolution
		SolutionGuid = {55A1B6C9-BE51-48BF-8895-3C08EC55DC7F}
	EndGlobalSection
EndGlobal
